
Microsoft Visual Studio Solution File, Format Version 12.00
# Visual Studio Version 16
VisualStudioVersion = 16.0.31624.102
MinimumVisualStudioVersion = 10.0.40219.1
Project("{FAE04EC0-301F-11D3-BF4B-00C04F79EFBC}") = "Stump.GUI.AuthConsole", "Stump.GUI.AuthConsole\Stump.GUI.AuthConsole.csproj", "{39191614-3A14-4248-8162-AF4731D33EDF}"
	ProjectSection(ProjectDependencies) = postProject
		{BEC5C8F8-552D-47D5-B49B-F66D03633817} = {BEC5C8F8-552D-47D5-B49B-F66D03633817}
		{922576FB-18E8-4565-BA62-640A3C8183B7} = {922576FB-18E8-4565-BA62-640A3C8183B7}
	EndProjectSection
EndProject
Project("{FAE04EC0-301F-11D3-BF4B-00C04F79EFBC}") = "Stump.GUI.WorldConsole", "Stump.GUI.WorldConsole\Stump.GUI.WorldConsole.csproj", "{9CC08980-C040-44C1-BF84-C36F392C671E}"
	ProjectSection(ProjectDependencies) = postProject
		{36104615-BDD9-4D4F-A672-82C0C00CCBF4} = {36104615-BDD9-4D4F-A672-82C0C00CCBF4}
		{BEC5C8F8-552D-47D5-B49B-F66D03633817} = {BEC5C8F8-552D-47D5-B49B-F66D03633817}
	EndProjectSection
EndProject
Project("{2150E333-8FDC-42A3-9474-1A3956D46DE8}") = "GUI", "GUI", "{FBEB52C4-01F5-4732-85BA-B72C640AC950}"
EndProject
Project("{2150E333-8FDC-42A3-9474-1A3956D46DE8}") = "Core", "Core", "{FA7D050B-D7F3-4574-8BB1-07B5FC628FAB}"
EndProject
Project("{FAE04EC0-301F-11D3-BF4B-00C04F79EFBC}") = "Stump.Core", "Stump.Core\Stump.Core.csproj", "{BEC5C8F8-552D-47D5-B49B-F66D03633817}"
EndProject
Project("{FAE04EC0-301F-11D3-BF4B-00C04F79EFBC}") = "Stump.ORM", "Stump.ORM\Stump.ORM.csproj", "{3D187FD5-9029-4591-9086-5E5B1B032E6E}"
EndProject
Project("{2150E333-8FDC-42A3-9474-1A3956D46DE8}") = "Server", "Server", "{4B5E4526-E7DD-48C5-B0DB-13B8C0DB01C6}"
EndProject
Project("{2150E333-8FDC-42A3-9474-1A3956D46DE8}") = "Protocol", "Protocol", "{4BD2270A-1ACA-4030-8F72-5CF635BECE77}"
EndProject
Project("{FAE04EC0-301F-11D3-BF4B-00C04F79EFBC}") = "Stump.Server.BaseServer", "Stump.Server.BaseServer\Stump.Server.BaseServer.csproj", "{4EA3359A-0B01-492B-9520-623A25238F48}"
	ProjectSection(ProjectDependencies) = postProject
		{75A6AE07-51B5-4FE6-AC66-64DF597425C6} = {75A6AE07-51B5-4FE6-AC66-64DF597425C6}
		{EED3A02C-7ACE-4BA1-9105-1E36825E877B} = {EED3A02C-7ACE-4BA1-9105-1E36825E877B}
		{74BF5A79-F264-4946-B3D4-42FE4BD21A52} = {74BF5A79-F264-4946-B3D4-42FE4BD21A52}
		{70B20899-1EDF-4842-9DB8-C231E16524EA} = {70B20899-1EDF-4842-9DB8-C231E16524EA}
		{3D187FD5-9029-4591-9086-5E5B1B032E6E} = {3D187FD5-9029-4591-9086-5E5B1B032E6E}
		{BEC5C8F8-552D-47D5-B49B-F66D03633817} = {BEC5C8F8-552D-47D5-B49B-F66D03633817}
	EndProjectSection
EndProject
Project("{FAE04EC0-301F-11D3-BF4B-00C04F79EFBC}") = "Stump.Server.AuthServer", "Stump.Server.AuthServer\Stump.Server.AuthServer.csproj", "{922576FB-18E8-4565-BA62-640A3C8183B7}"
	ProjectSection(ProjectDependencies) = postProject
		{75A6AE07-51B5-4FE6-AC66-64DF597425C6} = {75A6AE07-51B5-4FE6-AC66-64DF597425C6}
		{EED3A02C-7ACE-4BA1-9105-1E36825E877B} = {EED3A02C-7ACE-4BA1-9105-1E36825E877B}
		{74BF5A79-F264-4946-B3D4-42FE4BD21A52} = {74BF5A79-F264-4946-B3D4-42FE4BD21A52}
		{70B20899-1EDF-4842-9DB8-C231E16524EA} = {70B20899-1EDF-4842-9DB8-C231E16524EA}
		{4EA3359A-0B01-492B-9520-623A25238F48} = {4EA3359A-0B01-492B-9520-623A25238F48}
		{BEC5C8F8-552D-47D5-B49B-F66D03633817} = {BEC5C8F8-552D-47D5-B49B-F66D03633817}
	EndProjectSection
EndProject
Project("{FAE04EC0-301F-11D3-BF4B-00C04F79EFBC}") = "Stump.Server.WorldServer", "Stump.Server.WorldServer\Stump.Server.WorldServer.csproj", "{36104615-BDD9-4D4F-A672-82C0C00CCBF4}"
	ProjectSection(ProjectDependencies) = postProject
		{75A6AE07-51B5-4FE6-AC66-64DF597425C6} = {75A6AE07-51B5-4FE6-AC66-64DF597425C6}
		{EED3A02C-7ACE-4BA1-9105-1E36825E877B} = {EED3A02C-7ACE-4BA1-9105-1E36825E877B}
		{74BF5A79-F264-4946-B3D4-42FE4BD21A52} = {74BF5A79-F264-4946-B3D4-42FE4BD21A52}
		{70B20899-1EDF-4842-9DB8-C231E16524EA} = {70B20899-1EDF-4842-9DB8-C231E16524EA}
		{4EA3359A-0B01-492B-9520-623A25238F48} = {4EA3359A-0B01-492B-9520-623A25238F48}
		{3D187FD5-9029-4591-9086-5E5B1B032E6E} = {3D187FD5-9029-4591-9086-5E5B1B032E6E}
		{BEC5C8F8-552D-47D5-B49B-F66D03633817} = {BEC5C8F8-552D-47D5-B49B-F66D03633817}
	EndProjectSection
EndProject
Project("{FAE04EC0-301F-11D3-BF4B-00C04F79EFBC}") = "Stump.DofusProtocol.Messages", "Stump.DofusProtocol.Messages\Stump.DofusProtocol.Messages.csproj", "{74BF5A79-F264-4946-B3D4-42FE4BD21A52}"
EndProject
Project("{FAE04EC0-301F-11D3-BF4B-00C04F79EFBC}") = "Stump.DofusProtocol.Types", "Stump.DofusProtocol.Types\Stump.DofusProtocol.Types.csproj", "{70B20899-1EDF-4842-9DB8-C231E16524EA}"
EndProject
Project("{FAE04EC0-301F-11D3-BF4B-00C04F79EFBC}") = "Stump.DofusProtocol.Enums", "Stump.DofusProtocol.Enums\Stump.DofusProtocol.Enums.csproj", "{EED3A02C-7ACE-4BA1-9105-1E36825E877B}"
EndProject
Project("{FAE04EC0-301F-11D3-BF4B-00C04F79EFBC}") = "Stump.DofusProtocol.D2oClasses", "Stump.DofusProtocol.D2OClasses\Stump.DofusProtocol.D2oClasses.csproj", "{75A6AE07-51B5-4FE6-AC66-64DF597425C6}"
EndProject
Global
	GlobalSection(SolutionConfigurationPlatforms) = preSolution
		Debug|Any CPU = Debug|Any CPU
		Release|Any CPU = Release|Any CPU
	EndGlobalSection
	GlobalSection(ProjectConfigurationPlatforms) = postSolution
		{39191614-3A14-4248-8162-AF4731D33EDF}.Debug|Any CPU.ActiveCfg = Debug|Any CPU
		{39191614-3A14-4248-8162-AF4731D33EDF}.Debug|Any CPU.Build.0 = Debug|Any CPU
		{39191614-3A14-4248-8162-AF4731D33EDF}.Release|Any CPU.ActiveCfg = Release|Any CPU
		{39191614-3A14-4248-8162-AF4731D33EDF}.Release|Any CPU.Build.0 = Release|Any CPU
		{9CC08980-C040-44C1-BF84-C36F392C671E}.Debug|Any CPU.ActiveCfg = Debug|Any CPU
		{9CC08980-C040-44C1-BF84-C36F392C671E}.Debug|Any CPU.Build.0 = Debug|Any CPU
		{9CC08980-C040-44C1-BF84-C36F392C671E}.Release|Any CPU.ActiveCfg = Release|Any CPU
		{9CC08980-C040-44C1-BF84-C36F392C671E}.Release|Any CPU.Build.0 = Release|Any CPU
		{BEC5C8F8-552D-47D5-B49B-F66D03633817}.Debug|Any CPU.ActiveCfg = Debug|Any CPU
		{BEC5C8F8-552D-47D5-B49B-F66D03633817}.Debug|Any CPU.Build.0 = Debug|Any CPU
		{BEC5C8F8-552D-47D5-B49B-F66D03633817}.Release|Any CPU.ActiveCfg = Release|Any CPU
		{BEC5C8F8-552D-47D5-B49B-F66D03633817}.Release|Any CPU.Build.0 = Release|Any CPU
		{3D187FD5-9029-4591-9086-5E5B1B032E6E}.Debug|Any CPU.ActiveCfg = Debug|Any CPU
		{3D187FD5-9029-4591-9086-5E5B1B032E6E}.Debug|Any CPU.Build.0 = Debug|Any CPU
		{3D187FD5-9029-4591-9086-5E5B1B032E6E}.Release|Any CPU.ActiveCfg = Release|Any CPU
		{3D187FD5-9029-4591-9086-5E5B1B032E6E}.Release|Any CPU.Build.0 = Release|Any CPU
		{4EA3359A-0B01-492B-9520-623A25238F48}.Debug|Any CPU.ActiveCfg = Debug|Any CPU
		{4EA3359A-0B01-492B-9520-623A25238F48}.Debug|Any CPU.Build.0 = Debug|Any CPU
		{4EA3359A-0B01-492B-9520-623A25238F48}.Release|Any CPU.ActiveCfg = Release|Any CPU
		{4EA3359A-0B01-492B-9520-623A25238F48}.Release|Any CPU.Build.0 = Release|Any CPU
		{922576FB-18E8-4565-BA62-640A3C8183B7}.Debug|Any CPU.ActiveCfg = Debug|Any CPU
		{922576FB-18E8-4565-BA62-640A3C8183B7}.Debug|Any CPU.Build.0 = Debug|Any CPU
		{922576FB-18E8-4565-BA62-640A3C8183B7}.Release|Any CPU.ActiveCfg = Release|Any CPU
		{922576FB-18E8-4565-BA62-640A3C8183B7}.Release|Any CPU.Build.0 = Release|Any CPU
		{36104615-BDD9-4D4F-A672-82C0C00CCBF4}.Debug|Any CPU.ActiveCfg = Debug|Any CPU
		{36104615-BDD9-4D4F-A672-82C0C00CCBF4}.Debug|Any CPU.Build.0 = Debug|Any CPU
		{36104615-BDD9-4D4F-A672-82C0C00CCBF4}.Release|Any CPU.ActiveCfg = Release|Any CPU
		{36104615-BDD9-4D4F-A672-82C0C00CCBF4}.Release|Any CPU.Build.0 = Release|Any CPU
		{74BF5A79-F264-4946-B3D4-42FE4BD21A52}.Debug|Any CPU.ActiveCfg = Debug|Any CPU
		{74BF5A79-F264-4946-B3D4-42FE4BD21A52}.Debug|Any CPU.Build.0 = Debug|Any CPU
		{74BF5A79-F264-4946-B3D4-42FE4BD21A52}.Release|Any CPU.ActiveCfg = Release|Any CPU
		{74BF5A79-F264-4946-B3D4-42FE4BD21A52}.Release|Any CPU.Build.0 = Release|Any CPU
		{70B20899-1EDF-4842-9DB8-C231E16524EA}.Debug|Any CPU.ActiveCfg = Debug|Any CPU
		{70B20899-1EDF-4842-9DB8-C231E16524EA}.Debug|Any CPU.Build.0 = Debug|Any CPU
		{70B20899-1EDF-4842-9DB8-C231E16524EA}.Release|Any CPU.ActiveCfg = Release|Any CPU
		{70B20899-1EDF-4842-9DB8-C231E16524EA}.Release|Any CPU.Build.0 = Release|Any CPU
		{EED3A02C-7ACE-4BA1-9105-1E36825E877B}.Debug|Any CPU.ActiveCfg = Debug|Any CPU
		{EED3A02C-7ACE-4BA1-9105-1E36825E877B}.Debug|Any CPU.Build.0 = Debug|Any CPU
		{EED3A02C-7ACE-4BA1-9105-1E36825E877B}.Release|Any CPU.ActiveCfg = Release|Any CPU
		{EED3A02C-7ACE-4BA1-9105-1E36825E877B}.Release|Any CPU.Build.0 = Release|Any CPU
		{75A6AE07-51B5-4FE6-AC66-64DF597425C6}.Debug|Any CPU.ActiveCfg = Debug|Any CPU
		{75A6AE07-51B5-4FE6-AC66-64DF597425C6}.Debug|Any CPU.Build.0 = Debug|Any CPU
		{75A6AE07-51B5-4FE6-AC66-64DF597425C6}.Release|Any CPU.ActiveCfg = Release|Any CPU
		{75A6AE07-51B5-4FE6-AC66-64DF597425C6}.Release|Any CPU.Build.0 = Release|Any CPU
	EndGlobalSection
	GlobalSection(SolutionProperties) = preSolution
		HideSolutionNode = FALSE
	EndGlobalSection
	GlobalSection(NestedProjects) = preSolution
		{39191614-3A14-4248-8162-AF4731D33EDF} = {FBEB52C4-01F5-4732-85BA-B72C640AC950}
		{9CC08980-C040-44C1-BF84-C36F392C671E} = {FBEB52C4-01F5-4732-85BA-B72C640AC950}
		{BEC5C8F8-552D-47D5-B49B-F66D03633817} = {FA7D050B-D7F3-4574-8BB1-07B5FC628FAB}
		{3D187FD5-9029-4591-9086-5E5B1B032E6E} = {FA7D050B-D7F3-4574-8BB1-07B5FC628FAB}
		{4EA3359A-0B01-492B-9520-623A25238F48} = {4B5E4526-E7DD-48C5-B0DB-13B8C0DB01C6}
		{922576FB-18E8-4565-BA62-640A3C8183B7} = {4B5E4526-E7DD-48C5-B0DB-13B8C0DB01C6}
		{36104615-BDD9-4D4F-A672-82C0C00CCBF4} = {4B5E4526-E7DD-48C5-B0DB-13B8C0DB01C6}
		{74BF5A79-F264-4946-B3D4-42FE4BD21A52} = {4BD2270A-1ACA-4030-8F72-5CF635BECE77}
		{70B20899-1EDF-4842-9DB8-C231E16524EA} = {4BD2270A-1ACA-4030-8F72-5CF635BECE77}
		{EED3A02C-7ACE-4BA1-9105-1E36825E877B} = {4BD2270A-1ACA-4030-8F72-5CF635BECE77}
		{75A6AE07-51B5-4FE6-AC66-64DF597425C6} = {4BD2270A-1ACA-4030-8F72-5CF635BECE77}
	EndGlobalSection
	GlobalSection(ExtensibilityGlobals) = postSolution
		SolutionGuid = {00F826BB-1F30-4230-AD2A-E1EF61CC1251}
	EndGlobalSection
EndGlobal
